# THIS IS AN AUTOGENERATED FILE. DO NOT EDIT THIS FILE DIRECTLY.
# yarn lockfile v1


awesomplete@^1.1.4:
  version "1.1.4"
  resolved "https://registry.yarnpkg.com/awesomplete/-/awesomplete-1.1.4.tgz#cdfcbbb2391857ff3a3340b5b1ebde7701b355e6"
  integrity sha512-AgYrODNlVD3ZJ6Em54YesLnOSusuVCjoRAt0l5bi3L1Oiv5r5dkPdxVPJaG3/wnPlxRUmGcpGnK02VK7N02kCg==
